
Microsoft Visual Studio Solution File, Format Version 12.00
# Visual Studio 15
VisualStudioVersion = 15.0.27130.2027
MinimumVisualStudioVersion = 10.0.40219.1
Project("{FAE04EC0-301F-11D3-BF4B-00C04F79EFBC}") = "Asteroids", "Asteroids\Asteroids.csproj", "{5EB70F2F-9394-408F-8784-8883D831A4C3}"
EndProject
Global
	GlobalSection(SolutionConfigurationPlatforms) = preSolution
		Debug|Any CPU = Debug|Any CPU
		Release|Any CPU = Release|Any CPU
	EndGlobalSection
	GlobalSection(ProjectConfigurationPlatforms) = postSolution
		{5EB70F2F-9394-408F-8784-8883D831A4C3}.Debug|Any CPU.ActiveCfg = Debug|Any CPU
		{5EB70F2F-9394-408F-8784-8883D831A4C3}.Debug|Any CPU.Build.0 = Debug|Any CPU
		{5EB70F2F-9394-408F-8784-8883D831A4C3}.Release|Any CPU.ActiveCfg = Release|Any CPU
		{5EB70F2F-9394-408F-8784-8883D831A4C3}.Release|Any CPU.Build.0 = Release|Any CPU
	EndGlobalSection
	GlobalSection(SolutionProperties) = preSolution
		HideSolutionNode = FALSE
	EndGlobalSection
	GlobalSection(ExtensibilityGlobals) = postSolution
		SolutionGuid = {DEBD1D58-79AB-4765-83A0-2E84D9B8900F}
	EndGlobalSection
EndGlobal
