
Microsoft Visual Studio Solution File, Format Version 12.00
# Visual Studio 15
VisualStudioVersion = 15.0.27130.2027
MinimumVisualStudioVersion = 10.0.40219.1
Project("{FAE04EC0-301F-11D3-BF4B-00C04F79EFBC}") = "Calculator", "Calculator\Calculator.csproj", "{36BCB7AB-50CB-484C-8E52-69675A107069}"
EndProject
Global
	GlobalSection(SolutionConfigurationPlatforms) = preSolution
		Debug|Any CPU = Debug|Any CPU
		Release|Any CPU = Release|Any CPU
	EndGlobalSection
	GlobalSection(ProjectConfigurationPlatforms) = postSolution
		{36BCB7AB-50CB-484C-8E52-69675A107069}.Debug|Any CPU.ActiveCfg = Debug|Any CPU
		{36BCB7AB-50CB-484C-8E52-69675A107069}.Debug|Any CPU.Build.0 = Debug|Any CPU
		{36BCB7AB-50CB-484C-8E52-69675A107069}.Release|Any CPU.ActiveCfg = Release|Any CPU
		{36BCB7AB-50CB-484C-8E52-69675A107069}.Release|Any CPU.Build.0 = Release|Any CPU
	EndGlobalSection
	GlobalSection(SolutionProperties) = preSolution
		HideSolutionNode = FALSE
	EndGlobalSection
	GlobalSection(ExtensibilityGlobals) = postSolution
		SolutionGuid = {1D3ABDB3-0603-4EA0-BA94-9431A6129C9E}
	EndGlobalSection
EndGlobal
