
Microsoft Visual Studio Solution File, Format Version 12.00
# Visual Studio 15
VisualStudioVersion = 15.0.27130.2027
MinimumVisualStudioVersion = 10.0.40219.1
Project("{FAE04EC0-301F-11D3-BF4B-00C04F79EFBC}") = "ConsoleApp2", "ConsoleApp2\ConsoleApp2.csproj", "{33F50FCB-D21F-4F4D-9DD0-14B17C90D155}"
EndProject
Global
	GlobalSection(SolutionConfigurationPlatforms) = preSolution
		Debug|Any CPU = Debug|Any CPU
		Release|Any CPU = Release|Any CPU
	EndGlobalSection
	GlobalSection(ProjectConfigurationPlatforms) = postSolution
		{33F50FCB-D21F-4F4D-9DD0-14B17C90D155}.Debug|Any CPU.ActiveCfg = Debug|Any CPU
		{33F50FCB-D21F-4F4D-9DD0-14B17C90D155}.Debug|Any CPU.Build.0 = Debug|Any CPU
		{33F50FCB-D21F-4F4D-9DD0-14B17C90D155}.Release|Any CPU.ActiveCfg = Release|Any CPU
		{33F50FCB-D21F-4F4D-9DD0-14B17C90D155}.Release|Any CPU.Build.0 = Release|Any CPU
	EndGlobalSection
	GlobalSection(SolutionProperties) = preSolution
		HideSolutionNode = FALSE
	EndGlobalSection
	GlobalSection(ExtensibilityGlobals) = postSolution
		SolutionGuid = {F206932C-0B21-47CE-9C39-9A53CE59B4D6}
	EndGlobalSection
EndGlobal
