
Microsoft Visual Studio Solution File, Format Version 12.00
# Visual Studio 15
VisualStudioVersion = 15.0.27130.2027
MinimumVisualStudioVersion = 10.0.40219.1
Project("{FAE04EC0-301F-11D3-BF4B-00C04F79EFBC}") = "Mail", "Mail\Mail.csproj", "{0BF8EF10-E2DD-4694-BA11-880E43809C44}"
EndProject
Global
	GlobalSection(SolutionConfigurationPlatforms) = preSolution
		Debug|Any CPU = Debug|Any CPU
		Release|Any CPU = Release|Any CPU
	EndGlobalSection
	GlobalSection(ProjectConfigurationPlatforms) = postSolution
		{0BF8EF10-E2DD-4694-BA11-880E43809C44}.Debug|Any CPU.ActiveCfg = Debug|Any CPU
		{0BF8EF10-E2DD-4694-BA11-880E43809C44}.Debug|Any CPU.Build.0 = Debug|Any CPU
		{0BF8EF10-E2DD-4694-BA11-880E43809C44}.Release|Any CPU.ActiveCfg = Release|Any CPU
		{0BF8EF10-E2DD-4694-BA11-880E43809C44}.Release|Any CPU.Build.0 = Release|Any CPU
	EndGlobalSection
	GlobalSection(SolutionProperties) = preSolution
		HideSolutionNode = FALSE
	EndGlobalSection
	GlobalSection(ExtensibilityGlobals) = postSolution
		SolutionGuid = {FC5BFACB-23C9-4FB0-B4CB-D9FED2AB36CF}
	EndGlobalSection
EndGlobal
